
Microsoft Visual Studio Solution File, Format Version 12.00
# Visual Studio Version 17
VisualStudioVersion = 17.8.34309.116
MinimumVisualStudioVersion = 10.0.40219.1
Project("{FAE04EC0-301F-11D3-BF4B-00C04F79EFBC}") = "Arzenal-Store-Client-WPF", "Arzenal-Store-Client-WPF\Arzenal-Store-Client-WPF.csproj", "{3907BF00-928F-E2F9-A1D9-4D5C742DA702}"
EndProject
Global
	GlobalSection(SolutionConfigurationPlatforms) = preSolution
		Debug|Any CPU = Debug|Any CPU
		Release|Any CPU = Release|Any CPU
	EndGlobalSection
	GlobalSection(ProjectConfigurationPlatforms) = postSolution
		{3907BF00-928F-E2F9-A1D9-4D5C742DA702}.Debug|Any CPU.ActiveCfg = Debug|Any CPU
		{3907BF00-928F-E2F9-A1D9-4D5C742DA702}.Debug|Any CPU.Build.0 = Debug|Any CPU
		{3907BF00-928F-E2F9-A1D9-4D5C742DA702}.Release|Any CPU.ActiveCfg = Release|Any CPU
		{3907BF00-928F-E2F9-A1D9-4D5C742DA702}.Release|Any CPU.Build.0 = Release|Any CPU
	EndGlobalSection
	GlobalSection(SolutionProperties) = preSolution
		HideSolutionNode = FALSE
	EndGlobalSection
	GlobalSection(ExtensibilityGlobals) = postSolution
		SolutionGuid = {E160D61E-A986-477F-98C8-8CB6B2C0D620}
	EndGlobalSection
EndGlobal
